
Microsoft Visual Studio Solution File, Format Version 12.00
# Visual Studio Version 17
VisualStudioVersion = 17.9.34728.123
MinimumVisualStudioVersion = 10.0.40219.1
Project("{9A19103F-16F7-4668-BE54-9A1E7A4F7556}") = "EFCoreSampleApi", "EFCoreSampleApi\EFCoreSampleApi.csproj", "{A9A28E53-B437-4142-9BA2-0ACA77D9641A}"
EndProject
Project("{9A19103F-16F7-4668-BE54-9A1E7A4F7556}") = "Core", "Core\Core.csproj", "{A98A7037-1AB2-4D4A-B61F-E8F648B8406C}"
EndProject
Project("{9A19103F-16F7-4668-BE54-9A1E7A4F7556}") = "Infrastructure", "Infrastructure\Infrastructure.csproj", "{F7CF35A3-7CE7-4B0C-8928-19BB9E7F987C}"
EndProject
Project("{9A19103F-16F7-4668-BE54-9A1E7A4F7556}") = "Infrastructure.Scaffold", "Infrastructure.Scaffold\Infrastructure.Scaffold.csproj", "{21B974F5-C531-4926-A21C-BCDA98DB1715}"
EndProject
Global
	GlobalSection(SolutionConfigurationPlatforms) = preSolution
		Debug|Any CPU = Debug|Any CPU
		Release|Any CPU = Release|Any CPU
	EndGlobalSection
	GlobalSection(ProjectConfigurationPlatforms) = postSolution
		{A9A28E53-B437-4142-9BA2-0ACA77D9641A}.Debug|Any CPU.ActiveCfg = Debug|Any CPU
		{A9A28E53-B437-4142-9BA2-0ACA77D9641A}.Debug|Any CPU.Build.0 = Debug|Any CPU
		{A9A28E53-B437-4142-9BA2-0ACA77D9641A}.Release|Any CPU.ActiveCfg = Release|Any CPU
		{A9A28E53-B437-4142-9BA2-0ACA77D9641A}.Release|Any CPU.Build.0 = Release|Any CPU
		{A98A7037-1AB2-4D4A-B61F-E8F648B8406C}.Debug|Any CPU.ActiveCfg = Debug|Any CPU
		{A98A7037-1AB2-4D4A-B61F-E8F648B8406C}.Debug|Any CPU.Build.0 = Debug|Any CPU
		{A98A7037-1AB2-4D4A-B61F-E8F648B8406C}.Release|Any CPU.ActiveCfg = Release|Any CPU
		{A98A7037-1AB2-4D4A-B61F-E8F648B8406C}.Release|Any CPU.Build.0 = Release|Any CPU
		{F7CF35A3-7CE7-4B0C-8928-19BB9E7F987C}.Debug|Any CPU.ActiveCfg = Debug|Any CPU
		{F7CF35A3-7CE7-4B0C-8928-19BB9E7F987C}.Debug|Any CPU.Build.0 = Debug|Any CPU
		{F7CF35A3-7CE7-4B0C-8928-19BB9E7F987C}.Release|Any CPU.ActiveCfg = Release|Any CPU
		{F7CF35A3-7CE7-4B0C-8928-19BB9E7F987C}.Release|Any CPU.Build.0 = Release|Any CPU
		{21B974F5-C531-4926-A21C-BCDA98DB1715}.Debug|Any CPU.ActiveCfg = Debug|Any CPU
		{21B974F5-C531-4926-A21C-BCDA98DB1715}.Debug|Any CPU.Build.0 = Debug|Any CPU
		{21B974F5-C531-4926-A21C-BCDA98DB1715}.Release|Any CPU.ActiveCfg = Release|Any CPU
		{21B974F5-C531-4926-A21C-BCDA98DB1715}.Release|Any CPU.Build.0 = Release|Any CPU
	EndGlobalSection
	GlobalSection(SolutionProperties) = preSolution
		HideSolutionNode = FALSE
	EndGlobalSection
	GlobalSection(ExtensibilityGlobals) = postSolution
		SolutionGuid = {8E543E68-FE8A-411E-9BCF-A3970EAFB280}
	EndGlobalSection
EndGlobal
